
Microsoft Visual Studio Solution File, Format Version 12.00
# Visual Studio 2013
VisualStudioVersion = 12.0.30723.0
MinimumVisualStudioVersion = 10.0.40219.1
Project("{8BC9CEB8-8B4A-11D0-8D11-00A0C91BC942}") = "ADT", "ADT\ADT.vcxproj", "{2539EF3E-E4C6-49C7-A7F2-8B305CE0A65C}"
EndProject
Project("{8BC9CEB8-8B4A-11D0-8D11-00A0C91BC942}") = "Fakultet", "Fakultet\Fakultet.vcxproj", "{313A33CE-BB0B-440F-89FE-92C41A577DE5}"
EndProject
Project("{8BC9CEB8-8B4A-11D0-8D11-00A0C91BC942}") = "Fibonacci", "Fibonacci\Fibonacci.vcxproj", "{18EB970A-C670-4634-95CD-0DFFD5E922CF}"
EndProject
Project("{8BC9CEB8-8B4A-11D0-8D11-00A0C91BC942}") = "RekursivTriangel", "RekursivTriangel\RekursivTriangel.vcxproj", "{6C73910B-6C5A-4AEC-A4CE-08FD193E6243}"
EndProject
Global
	GlobalSection(SubversionScc) = preSolution
		Svn-Managed = True
		Manager = AnkhSVN - Subversion Support for Visual Studio
	EndGlobalSection
	GlobalSection(SolutionConfigurationPlatforms) = preSolution
		Debug|Win32 = Debug|Win32
		Release|Win32 = Release|Win32
	EndGlobalSection
	GlobalSection(ProjectConfigurationPlatforms) = postSolution
		{2539EF3E-E4C6-49C7-A7F2-8B305CE0A65C}.Debug|Win32.ActiveCfg = Debug|Win32
		{2539EF3E-E4C6-49C7-A7F2-8B305CE0A65C}.Debug|Win32.Build.0 = Debug|Win32
		{2539EF3E-E4C6-49C7-A7F2-8B305CE0A65C}.Release|Win32.ActiveCfg = Release|Win32
		{2539EF3E-E4C6-49C7-A7F2-8B305CE0A65C}.Release|Win32.Build.0 = Release|Win32
		{313A33CE-BB0B-440F-89FE-92C41A577DE5}.Debug|Win32.ActiveCfg = Debug|Win32
		{313A33CE-BB0B-440F-89FE-92C41A577DE5}.Debug|Win32.Build.0 = Debug|Win32
		{313A33CE-BB0B-440F-89FE-92C41A577DE5}.Release|Win32.ActiveCfg = Release|Win32
		{313A33CE-BB0B-440F-89FE-92C41A577DE5}.Release|Win32.Build.0 = Release|Win32
		{18EB970A-C670-4634-95CD-0DFFD5E922CF}.Debug|Win32.ActiveCfg = Debug|Win32
		{18EB970A-C670-4634-95CD-0DFFD5E922CF}.Debug|Win32.Build.0 = Debug|Win32
		{18EB970A-C670-4634-95CD-0DFFD5E922CF}.Release|Win32.ActiveCfg = Release|Win32
		{18EB970A-C670-4634-95CD-0DFFD5E922CF}.Release|Win32.Build.0 = Release|Win32
		{6C73910B-6C5A-4AEC-A4CE-08FD193E6243}.Debug|Win32.ActiveCfg = Debug|Win32
		{6C73910B-6C5A-4AEC-A4CE-08FD193E6243}.Debug|Win32.Build.0 = Debug|Win32
		{6C73910B-6C5A-4AEC-A4CE-08FD193E6243}.Release|Win32.ActiveCfg = Release|Win32
		{6C73910B-6C5A-4AEC-A4CE-08FD193E6243}.Release|Win32.Build.0 = Release|Win32
	EndGlobalSection
	GlobalSection(SolutionProperties) = preSolution
		HideSolutionNode = FALSE
	EndGlobalSection
EndGlobal
