
Microsoft Visual Studio Solution File, Format Version 12.00
# Visual Studio 2012
Project("{FAE04EC0-301F-11D3-BF4B-00C04F79EFBC}") = "SpelProjekt", "SpelProjekt\SpelProjekt\SpelProjekt.csproj", "{96F6731F-C18A-4EA7-B71D-1BFB9F360246}"
EndProject
Project("{96E2B04D-8817-42C6-938A-82C39BA4D311}") = "SpelProjektContent", "SpelProjekt\SpelProjektContent\SpelProjektContent.contentproj", "{7D28F7D5-4197-49AD-992A-49F525E7102D}"
EndProject
Global
	GlobalSection(SubversionScc) = preSolution
		Svn-Managed = True
		Manager = AnkhSVN - Subversion Support for Visual Studio
	EndGlobalSection
	GlobalSection(SolutionConfigurationPlatforms) = preSolution
		Debug|x86 = Debug|x86
		Release|x86 = Release|x86
	EndGlobalSection
	GlobalSection(ProjectConfigurationPlatforms) = postSolution
		{96F6731F-C18A-4EA7-B71D-1BFB9F360246}.Debug|x86.ActiveCfg = Debug|x86
		{96F6731F-C18A-4EA7-B71D-1BFB9F360246}.Debug|x86.Build.0 = Debug|x86
		{96F6731F-C18A-4EA7-B71D-1BFB9F360246}.Release|x86.ActiveCfg = Release|x86
		{96F6731F-C18A-4EA7-B71D-1BFB9F360246}.Release|x86.Build.0 = Release|x86
		{7D28F7D5-4197-49AD-992A-49F525E7102D}.Debug|x86.ActiveCfg = Debug|x86
		{7D28F7D5-4197-49AD-992A-49F525E7102D}.Release|x86.ActiveCfg = Release|x86
	EndGlobalSection
	GlobalSection(SolutionProperties) = preSolution
		HideSolutionNode = FALSE
	EndGlobalSection
EndGlobal
