
Microsoft Visual Studio Solution File, Format Version 12.00
# Visual Studio 2012
Project("{8BC9CEB8-8B4A-11D0-8D11-00A0C91BC942}") = "MyCar", "Project1\Project1.vcxproj", "{084A1D5C-BD6C-4645-B1C8-5EF5D8F14FB1}"
EndProject
Project("{8BC9CEB8-8B4A-11D0-8D11-00A0C91BC942}") = "Dice", "Test\Test.vcxproj", "{619F20B9-D3BE-46ED-B257-012C605C934C}"
EndProject
Project("{8BC9CEB8-8B4A-11D0-8D11-00A0C91BC942}") = "TicTacToe", "TicTacToe\TicTacToe.vcxproj", "{A7C189AE-E22E-40C7-8FA2-896FB844C6E1}"
EndProject
Project("{8BC9CEB8-8B4A-11D0-8D11-00A0C91BC942}") = "MultiMedia", "MultiMedia\MultiMedia.vcxproj", "{9A5D4E5C-C473-4362-B018-F5CD4E3079BB}"
EndProject
Project("{8BC9CEB8-8B4A-11D0-8D11-00A0C91BC942}") = "Referensparameter", "Referensparameter\Referensparameter.vcxproj", "{23123C0F-EB95-41DA-B15B-30F7D385936A}"
EndProject
Project("{8BC9CEB8-8B4A-11D0-8D11-00A0C91BC942}") = "parameter", "parameter\parameter.vcxproj", "{5611F581-A091-44E9-9BCA-D37562D0F288}"
EndProject
Project("{8BC9CEB8-8B4A-11D0-8D11-00A0C91BC942}") = "Byråkraten", "Byråkraten\Byråkraten.vcxproj", "{BEE5ED93-D243-435A-9B46-6AC244B35998}"
EndProject
Project("{8BC9CEB8-8B4A-11D0-8D11-00A0C91BC942}") = "Memory", "Memory\Memory.vcxproj", "{0A75E246-9554-44A8-943B-C50302C8FC00}"
EndProject
Project("{8BC9CEB8-8B4A-11D0-8D11-00A0C91BC942}") = "Studentregister(gammal tenta)", "Studentregister(gammal tenta)\Studentregister(gammal tenta).vcxproj", "{A0531F6E-38B3-4565-A261-BEA9D9431D82}"
EndProject
Global
	GlobalSection(SubversionScc) = preSolution
		Svn-Managed = True
		Manager = AnkhSVN - Subversion Support for Visual Studio
	EndGlobalSection
	GlobalSection(SolutionConfigurationPlatforms) = preSolution
		Debug|Win32 = Debug|Win32
		Release|Win32 = Release|Win32
	EndGlobalSection
	GlobalSection(ProjectConfigurationPlatforms) = postSolution
		{084A1D5C-BD6C-4645-B1C8-5EF5D8F14FB1}.Debug|Win32.ActiveCfg = Debug|Win32
		{084A1D5C-BD6C-4645-B1C8-5EF5D8F14FB1}.Release|Win32.ActiveCfg = Release|Win32
		{084A1D5C-BD6C-4645-B1C8-5EF5D8F14FB1}.Release|Win32.Build.0 = Release|Win32
		{619F20B9-D3BE-46ED-B257-012C605C934C}.Debug|Win32.ActiveCfg = Debug|Win32
		{619F20B9-D3BE-46ED-B257-012C605C934C}.Release|Win32.ActiveCfg = Release|Win32
		{619F20B9-D3BE-46ED-B257-012C605C934C}.Release|Win32.Build.0 = Release|Win32
		{A7C189AE-E22E-40C7-8FA2-896FB844C6E1}.Debug|Win32.ActiveCfg = Debug|Win32
		{A7C189AE-E22E-40C7-8FA2-896FB844C6E1}.Release|Win32.ActiveCfg = Release|Win32
		{A7C189AE-E22E-40C7-8FA2-896FB844C6E1}.Release|Win32.Build.0 = Release|Win32
		{9A5D4E5C-C473-4362-B018-F5CD4E3079BB}.Debug|Win32.ActiveCfg = Debug|Win32
		{9A5D4E5C-C473-4362-B018-F5CD4E3079BB}.Debug|Win32.Build.0 = Debug|Win32
		{9A5D4E5C-C473-4362-B018-F5CD4E3079BB}.Release|Win32.ActiveCfg = Release|Win32
		{9A5D4E5C-C473-4362-B018-F5CD4E3079BB}.Release|Win32.Build.0 = Release|Win32
		{23123C0F-EB95-41DA-B15B-30F7D385936A}.Debug|Win32.ActiveCfg = Debug|Win32
		{23123C0F-EB95-41DA-B15B-30F7D385936A}.Release|Win32.ActiveCfg = Release|Win32
		{23123C0F-EB95-41DA-B15B-30F7D385936A}.Release|Win32.Build.0 = Release|Win32
		{5611F581-A091-44E9-9BCA-D37562D0F288}.Debug|Win32.ActiveCfg = Debug|Win32
		{5611F581-A091-44E9-9BCA-D37562D0F288}.Release|Win32.ActiveCfg = Release|Win32
		{5611F581-A091-44E9-9BCA-D37562D0F288}.Release|Win32.Build.0 = Release|Win32
		{BEE5ED93-D243-435A-9B46-6AC244B35998}.Debug|Win32.ActiveCfg = Debug|Win32
		{BEE5ED93-D243-435A-9B46-6AC244B35998}.Release|Win32.ActiveCfg = Release|Win32
		{BEE5ED93-D243-435A-9B46-6AC244B35998}.Release|Win32.Build.0 = Release|Win32
		{0A75E246-9554-44A8-943B-C50302C8FC00}.Debug|Win32.ActiveCfg = Debug|Win32
		{0A75E246-9554-44A8-943B-C50302C8FC00}.Debug|Win32.Build.0 = Debug|Win32
		{0A75E246-9554-44A8-943B-C50302C8FC00}.Release|Win32.ActiveCfg = Release|Win32
		{0A75E246-9554-44A8-943B-C50302C8FC00}.Release|Win32.Build.0 = Release|Win32
		{A0531F6E-38B3-4565-A261-BEA9D9431D82}.Debug|Win32.ActiveCfg = Debug|Win32
		{A0531F6E-38B3-4565-A261-BEA9D9431D82}.Debug|Win32.Build.0 = Debug|Win32
		{A0531F6E-38B3-4565-A261-BEA9D9431D82}.Release|Win32.ActiveCfg = Release|Win32
		{A0531F6E-38B3-4565-A261-BEA9D9431D82}.Release|Win32.Build.0 = Release|Win32
	EndGlobalSection
	GlobalSection(SolutionProperties) = preSolution
		HideSolutionNode = FALSE
	EndGlobalSection
EndGlobal
