
Microsoft Visual Studio Solution File, Format Version 12.00
# Visual Studio 2012
Project("{8BC9CEB8-8B4A-11D0-8D11-00A0C91BC942}") = "ADT", "ADT\ADT.vcxproj", "{2539EF3E-E4C6-49C7-A7F2-8B305CE0A65C}"
EndProject
Project("{8BC9CEB8-8B4A-11D0-8D11-00A0C91BC942}") = "Fakultet", "Fakultet\Fakultet.vcxproj", "{313A33CE-BB0B-440F-89FE-92C41A577DE5}"
EndProject
Project("{8BC9CEB8-8B4A-11D0-8D11-00A0C91BC942}") = "Fibonacci", "Fibonacci\Fibonacci.vcxproj", "{18EB970A-C670-4634-95CD-0DFFD5E922CF}"
EndProject
Project("{8BC9CEB8-8B4A-11D0-8D11-00A0C91BC942}") = "RekursivTriangel", "RekursivTriangel\RekursivTriangel.vcxproj", "{6C73910B-6C5A-4AEC-A4CE-08FD193E6243}"
EndProject
Project("{8BC9CEB8-8B4A-11D0-8D11-00A0C91BC942}") = "Rekursiva_beräkningar", "Rekursiva_beräkningar\Rekursiva_beräkningar.vcxproj", "{83EFB39E-1CED-4E54-ABE8-01E1E4B1A263}"
EndProject
Project("{8BC9CEB8-8B4A-11D0-8D11-00A0C91BC942}") = "Rekursiv_Palindrom", "Rekursiv_Palindrom\Rekursiv_Palindrom.vcxproj", "{84865719-D578-482B-809C-5C85C41CDF44}"
EndProject
Project("{8BC9CEB8-8B4A-11D0-8D11-00A0C91BC942}") = "Rekursiv_charlängd", "Rekursiv_charlängd\Rekursiv_charlängd.vcxproj", "{6AE61DFE-0FDC-4BD2-8CEE-542CFD8D277E}"
EndProject
Project("{8BC9CEB8-8B4A-11D0-8D11-00A0C91BC942}") = "Forward_List", "Forward_List\Forward_List.vcxproj", "{E957B480-4F07-463F-9E83-9DB200804E7E}"
EndProject
Project("{8BC9CEB8-8B4A-11D0-8D11-00A0C91BC942}") = "UnitTest", "UnitTest\UnitTest.vcxproj", "{BDCD4356-A149-4C08-B8F0-5A4AC8F24195}"
EndProject
Project("{FAE04EC0-301F-11D3-BF4B-00C04F79EFBC}") = "Linked_List", "Linked_List\Linked_List.csproj", "{8BBC00CA-E939-46EC-B64C-180068F4A7DE}"
EndProject
Project("{FAE04EC0-301F-11D3-BF4B-00C04F79EFBC}") = "UnitTestCSharp", "UnitTestCSharp\UnitTestCSharp.csproj", "{F79CDF12-D9BE-4E2D-BB2B-82B3CBC402D2}"
EndProject
Project("{8BC9CEB8-8B4A-11D0-8D11-00A0C91BC942}") = "Dejt", "Dejt\Dejt.vcxproj", "{4EEF2B4F-7BAD-414E-8895-76E327908360}"
EndProject
Project("{8BC9CEB8-8B4A-11D0-8D11-00A0C91BC942}") = "Trådprogrammering", "Trådprogrammering\Trådprogrammering.vcxproj", "{3A080DED-1927-4109-90FE-475CE3A82D64}"
EndProject
Project("{8BC9CEB8-8B4A-11D0-8D11-00A0C91BC942}") = "GammalTenta_Version1", "GammalTenta_Version1\GammalTenta_Version1.vcxproj", "{2F19D4FC-9D22-4EAF-B6F1-98D2FFC3EB20}"
EndProject
Project("{8BC9CEB8-8B4A-11D0-8D11-00A0C91BC942}") = "GammalTenta_Version2", "GammalTenta_Version2\GammalTenta_Version2.vcxproj", "{0996AB3B-0D4A-4321-A23C-939548A56FD3}"
EndProject
Project("{8BC9CEB8-8B4A-11D0-8D11-00A0C91BC942}") = "GammalTenta_Version3", "GammalTenta_Version3\GammalTenta_Version3.vcxproj", "{04983E76-45C2-4812-B9D7-20D70A474A05}"
EndProject
Global
	GlobalSection(SubversionScc) = preSolution
		Svn-Managed = True
		Manager = AnkhSVN - Subversion Support for Visual Studio
	EndGlobalSection
	GlobalSection(SolutionConfigurationPlatforms) = preSolution
		Debug|Any CPU = Debug|Any CPU
		Debug|Mixed Platforms = Debug|Mixed Platforms
		Debug|Win32 = Debug|Win32
		Release|Any CPU = Release|Any CPU
		Release|Mixed Platforms = Release|Mixed Platforms
		Release|Win32 = Release|Win32
	EndGlobalSection
	GlobalSection(ProjectConfigurationPlatforms) = postSolution
		{2539EF3E-E4C6-49C7-A7F2-8B305CE0A65C}.Debug|Any CPU.ActiveCfg = Debug|Win32
		{2539EF3E-E4C6-49C7-A7F2-8B305CE0A65C}.Debug|Mixed Platforms.ActiveCfg = Debug|Win32
		{2539EF3E-E4C6-49C7-A7F2-8B305CE0A65C}.Debug|Mixed Platforms.Build.0 = Debug|Win32
		{2539EF3E-E4C6-49C7-A7F2-8B305CE0A65C}.Debug|Win32.ActiveCfg = Debug|Win32
		{2539EF3E-E4C6-49C7-A7F2-8B305CE0A65C}.Debug|Win32.Build.0 = Debug|Win32
		{2539EF3E-E4C6-49C7-A7F2-8B305CE0A65C}.Release|Any CPU.ActiveCfg = Release|Win32
		{2539EF3E-E4C6-49C7-A7F2-8B305CE0A65C}.Release|Mixed Platforms.ActiveCfg = Release|Win32
		{2539EF3E-E4C6-49C7-A7F2-8B305CE0A65C}.Release|Mixed Platforms.Build.0 = Release|Win32
		{2539EF3E-E4C6-49C7-A7F2-8B305CE0A65C}.Release|Win32.ActiveCfg = Release|Win32
		{2539EF3E-E4C6-49C7-A7F2-8B305CE0A65C}.Release|Win32.Build.0 = Release|Win32
		{313A33CE-BB0B-440F-89FE-92C41A577DE5}.Debug|Any CPU.ActiveCfg = Debug|Win32
		{313A33CE-BB0B-440F-89FE-92C41A577DE5}.Debug|Mixed Platforms.ActiveCfg = Debug|Win32
		{313A33CE-BB0B-440F-89FE-92C41A577DE5}.Debug|Mixed Platforms.Build.0 = Debug|Win32
		{313A33CE-BB0B-440F-89FE-92C41A577DE5}.Debug|Win32.ActiveCfg = Debug|Win32
		{313A33CE-BB0B-440F-89FE-92C41A577DE5}.Debug|Win32.Build.0 = Debug|Win32
		{313A33CE-BB0B-440F-89FE-92C41A577DE5}.Release|Any CPU.ActiveCfg = Release|Win32
		{313A33CE-BB0B-440F-89FE-92C41A577DE5}.Release|Mixed Platforms.ActiveCfg = Release|Win32
		{313A33CE-BB0B-440F-89FE-92C41A577DE5}.Release|Mixed Platforms.Build.0 = Release|Win32
		{313A33CE-BB0B-440F-89FE-92C41A577DE5}.Release|Win32.ActiveCfg = Release|Win32
		{313A33CE-BB0B-440F-89FE-92C41A577DE5}.Release|Win32.Build.0 = Release|Win32
		{18EB970A-C670-4634-95CD-0DFFD5E922CF}.Debug|Any CPU.ActiveCfg = Debug|Win32
		{18EB970A-C670-4634-95CD-0DFFD5E922CF}.Debug|Mixed Platforms.ActiveCfg = Debug|Win32
		{18EB970A-C670-4634-95CD-0DFFD5E922CF}.Debug|Mixed Platforms.Build.0 = Debug|Win32
		{18EB970A-C670-4634-95CD-0DFFD5E922CF}.Debug|Win32.ActiveCfg = Debug|Win32
		{18EB970A-C670-4634-95CD-0DFFD5E922CF}.Debug|Win32.Build.0 = Debug|Win32
		{18EB970A-C670-4634-95CD-0DFFD5E922CF}.Release|Any CPU.ActiveCfg = Release|Win32
		{18EB970A-C670-4634-95CD-0DFFD5E922CF}.Release|Mixed Platforms.ActiveCfg = Release|Win32
		{18EB970A-C670-4634-95CD-0DFFD5E922CF}.Release|Mixed Platforms.Build.0 = Release|Win32
		{18EB970A-C670-4634-95CD-0DFFD5E922CF}.Release|Win32.ActiveCfg = Release|Win32
		{18EB970A-C670-4634-95CD-0DFFD5E922CF}.Release|Win32.Build.0 = Release|Win32
		{6C73910B-6C5A-4AEC-A4CE-08FD193E6243}.Debug|Any CPU.ActiveCfg = Debug|Win32
		{6C73910B-6C5A-4AEC-A4CE-08FD193E6243}.Debug|Mixed Platforms.ActiveCfg = Debug|Win32
		{6C73910B-6C5A-4AEC-A4CE-08FD193E6243}.Debug|Mixed Platforms.Build.0 = Debug|Win32
		{6C73910B-6C5A-4AEC-A4CE-08FD193E6243}.Debug|Win32.ActiveCfg = Debug|Win32
		{6C73910B-6C5A-4AEC-A4CE-08FD193E6243}.Debug|Win32.Build.0 = Debug|Win32
		{6C73910B-6C5A-4AEC-A4CE-08FD193E6243}.Release|Any CPU.ActiveCfg = Release|Win32
		{6C73910B-6C5A-4AEC-A4CE-08FD193E6243}.Release|Mixed Platforms.ActiveCfg = Release|Win32
		{6C73910B-6C5A-4AEC-A4CE-08FD193E6243}.Release|Mixed Platforms.Build.0 = Release|Win32
		{6C73910B-6C5A-4AEC-A4CE-08FD193E6243}.Release|Win32.ActiveCfg = Release|Win32
		{6C73910B-6C5A-4AEC-A4CE-08FD193E6243}.Release|Win32.Build.0 = Release|Win32
		{83EFB39E-1CED-4E54-ABE8-01E1E4B1A263}.Debug|Any CPU.ActiveCfg = Debug|Win32
		{83EFB39E-1CED-4E54-ABE8-01E1E4B1A263}.Debug|Mixed Platforms.ActiveCfg = Debug|Win32
		{83EFB39E-1CED-4E54-ABE8-01E1E4B1A263}.Debug|Mixed Platforms.Build.0 = Debug|Win32
		{83EFB39E-1CED-4E54-ABE8-01E1E4B1A263}.Debug|Win32.ActiveCfg = Debug|Win32
		{83EFB39E-1CED-4E54-ABE8-01E1E4B1A263}.Debug|Win32.Build.0 = Debug|Win32
		{83EFB39E-1CED-4E54-ABE8-01E1E4B1A263}.Release|Any CPU.ActiveCfg = Release|Win32
		{83EFB39E-1CED-4E54-ABE8-01E1E4B1A263}.Release|Mixed Platforms.ActiveCfg = Release|Win32
		{83EFB39E-1CED-4E54-ABE8-01E1E4B1A263}.Release|Mixed Platforms.Build.0 = Release|Win32
		{83EFB39E-1CED-4E54-ABE8-01E1E4B1A263}.Release|Win32.ActiveCfg = Release|Win32
		{83EFB39E-1CED-4E54-ABE8-01E1E4B1A263}.Release|Win32.Build.0 = Release|Win32
		{84865719-D578-482B-809C-5C85C41CDF44}.Debug|Any CPU.ActiveCfg = Debug|Win32
		{84865719-D578-482B-809C-5C85C41CDF44}.Debug|Mixed Platforms.ActiveCfg = Debug|Win32
		{84865719-D578-482B-809C-5C85C41CDF44}.Debug|Mixed Platforms.Build.0 = Debug|Win32
		{84865719-D578-482B-809C-5C85C41CDF44}.Debug|Win32.ActiveCfg = Debug|Win32
		{84865719-D578-482B-809C-5C85C41CDF44}.Debug|Win32.Build.0 = Debug|Win32
		{84865719-D578-482B-809C-5C85C41CDF44}.Release|Any CPU.ActiveCfg = Release|Win32
		{84865719-D578-482B-809C-5C85C41CDF44}.Release|Mixed Platforms.ActiveCfg = Release|Win32
		{84865719-D578-482B-809C-5C85C41CDF44}.Release|Mixed Platforms.Build.0 = Release|Win32
		{84865719-D578-482B-809C-5C85C41CDF44}.Release|Win32.ActiveCfg = Release|Win32
		{84865719-D578-482B-809C-5C85C41CDF44}.Release|Win32.Build.0 = Release|Win32
		{6AE61DFE-0FDC-4BD2-8CEE-542CFD8D277E}.Debug|Any CPU.ActiveCfg = Debug|Win32
		{6AE61DFE-0FDC-4BD2-8CEE-542CFD8D277E}.Debug|Mixed Platforms.ActiveCfg = Debug|Win32
		{6AE61DFE-0FDC-4BD2-8CEE-542CFD8D277E}.Debug|Mixed Platforms.Build.0 = Debug|Win32
		{6AE61DFE-0FDC-4BD2-8CEE-542CFD8D277E}.Debug|Win32.ActiveCfg = Debug|Win32
		{6AE61DFE-0FDC-4BD2-8CEE-542CFD8D277E}.Debug|Win32.Build.0 = Debug|Win32
		{6AE61DFE-0FDC-4BD2-8CEE-542CFD8D277E}.Release|Any CPU.ActiveCfg = Release|Win32
		{6AE61DFE-0FDC-4BD2-8CEE-542CFD8D277E}.Release|Mixed Platforms.ActiveCfg = Release|Win32
		{6AE61DFE-0FDC-4BD2-8CEE-542CFD8D277E}.Release|Mixed Platforms.Build.0 = Release|Win32
		{6AE61DFE-0FDC-4BD2-8CEE-542CFD8D277E}.Release|Win32.ActiveCfg = Release|Win32
		{6AE61DFE-0FDC-4BD2-8CEE-542CFD8D277E}.Release|Win32.Build.0 = Release|Win32
		{E957B480-4F07-463F-9E83-9DB200804E7E}.Debug|Any CPU.ActiveCfg = Debug|Win32
		{E957B480-4F07-463F-9E83-9DB200804E7E}.Debug|Mixed Platforms.ActiveCfg = Debug|Win32
		{E957B480-4F07-463F-9E83-9DB200804E7E}.Debug|Mixed Platforms.Build.0 = Debug|Win32
		{E957B480-4F07-463F-9E83-9DB200804E7E}.Debug|Win32.ActiveCfg = Debug|Win32
		{E957B480-4F07-463F-9E83-9DB200804E7E}.Debug|Win32.Build.0 = Debug|Win32
		{E957B480-4F07-463F-9E83-9DB200804E7E}.Release|Any CPU.ActiveCfg = Release|Win32
		{E957B480-4F07-463F-9E83-9DB200804E7E}.Release|Mixed Platforms.ActiveCfg = Release|Win32
		{E957B480-4F07-463F-9E83-9DB200804E7E}.Release|Mixed Platforms.Build.0 = Release|Win32
		{E957B480-4F07-463F-9E83-9DB200804E7E}.Release|Win32.ActiveCfg = Release|Win32
		{E957B480-4F07-463F-9E83-9DB200804E7E}.Release|Win32.Build.0 = Release|Win32
		{BDCD4356-A149-4C08-B8F0-5A4AC8F24195}.Debug|Any CPU.ActiveCfg = Debug|Win32
		{BDCD4356-A149-4C08-B8F0-5A4AC8F24195}.Debug|Mixed Platforms.ActiveCfg = Debug|Win32
		{BDCD4356-A149-4C08-B8F0-5A4AC8F24195}.Debug|Mixed Platforms.Build.0 = Debug|Win32
		{BDCD4356-A149-4C08-B8F0-5A4AC8F24195}.Debug|Win32.ActiveCfg = Debug|Win32
		{BDCD4356-A149-4C08-B8F0-5A4AC8F24195}.Debug|Win32.Build.0 = Debug|Win32
		{BDCD4356-A149-4C08-B8F0-5A4AC8F24195}.Release|Any CPU.ActiveCfg = Release|Win32
		{BDCD4356-A149-4C08-B8F0-5A4AC8F24195}.Release|Mixed Platforms.ActiveCfg = Release|Win32
		{BDCD4356-A149-4C08-B8F0-5A4AC8F24195}.Release|Mixed Platforms.Build.0 = Release|Win32
		{BDCD4356-A149-4C08-B8F0-5A4AC8F24195}.Release|Win32.ActiveCfg = Release|Win32
		{BDCD4356-A149-4C08-B8F0-5A4AC8F24195}.Release|Win32.Build.0 = Release|Win32
		{8BBC00CA-E939-46EC-B64C-180068F4A7DE}.Debug|Any CPU.ActiveCfg = Debug|Any CPU
		{8BBC00CA-E939-46EC-B64C-180068F4A7DE}.Debug|Any CPU.Build.0 = Debug|Any CPU
		{8BBC00CA-E939-46EC-B64C-180068F4A7DE}.Debug|Mixed Platforms.ActiveCfg = Debug|Any CPU
		{8BBC00CA-E939-46EC-B64C-180068F4A7DE}.Debug|Mixed Platforms.Build.0 = Debug|Any CPU
		{8BBC00CA-E939-46EC-B64C-180068F4A7DE}.Debug|Win32.ActiveCfg = Debug|Any CPU
		{8BBC00CA-E939-46EC-B64C-180068F4A7DE}.Release|Any CPU.ActiveCfg = Release|Any CPU
		{8BBC00CA-E939-46EC-B64C-180068F4A7DE}.Release|Any CPU.Build.0 = Release|Any CPU
		{8BBC00CA-E939-46EC-B64C-180068F4A7DE}.Release|Mixed Platforms.ActiveCfg = Release|Any CPU
		{8BBC00CA-E939-46EC-B64C-180068F4A7DE}.Release|Mixed Platforms.Build.0 = Release|Any CPU
		{8BBC00CA-E939-46EC-B64C-180068F4A7DE}.Release|Win32.ActiveCfg = Release|Any CPU
		{F79CDF12-D9BE-4E2D-BB2B-82B3CBC402D2}.Debug|Any CPU.ActiveCfg = Debug|Any CPU
		{F79CDF12-D9BE-4E2D-BB2B-82B3CBC402D2}.Debug|Any CPU.Build.0 = Debug|Any CPU
		{F79CDF12-D9BE-4E2D-BB2B-82B3CBC402D2}.Debug|Mixed Platforms.ActiveCfg = Debug|Any CPU
		{F79CDF12-D9BE-4E2D-BB2B-82B3CBC402D2}.Debug|Mixed Platforms.Build.0 = Debug|Any CPU
		{F79CDF12-D9BE-4E2D-BB2B-82B3CBC402D2}.Debug|Win32.ActiveCfg = Debug|Any CPU
		{F79CDF12-D9BE-4E2D-BB2B-82B3CBC402D2}.Release|Any CPU.ActiveCfg = Release|Any CPU
		{F79CDF12-D9BE-4E2D-BB2B-82B3CBC402D2}.Release|Any CPU.Build.0 = Release|Any CPU
		{F79CDF12-D9BE-4E2D-BB2B-82B3CBC402D2}.Release|Mixed Platforms.ActiveCfg = Release|Any CPU
		{F79CDF12-D9BE-4E2D-BB2B-82B3CBC402D2}.Release|Mixed Platforms.Build.0 = Release|Any CPU
		{F79CDF12-D9BE-4E2D-BB2B-82B3CBC402D2}.Release|Win32.ActiveCfg = Release|Any CPU
		{4EEF2B4F-7BAD-414E-8895-76E327908360}.Debug|Any CPU.ActiveCfg = Debug|Win32
		{4EEF2B4F-7BAD-414E-8895-76E327908360}.Debug|Mixed Platforms.ActiveCfg = Debug|Win32
		{4EEF2B4F-7BAD-414E-8895-76E327908360}.Debug|Mixed Platforms.Build.0 = Debug|Win32
		{4EEF2B4F-7BAD-414E-8895-76E327908360}.Debug|Win32.ActiveCfg = Debug|Win32
		{4EEF2B4F-7BAD-414E-8895-76E327908360}.Debug|Win32.Build.0 = Debug|Win32
		{4EEF2B4F-7BAD-414E-8895-76E327908360}.Release|Any CPU.ActiveCfg = Release|Win32
		{4EEF2B4F-7BAD-414E-8895-76E327908360}.Release|Mixed Platforms.ActiveCfg = Release|Win32
		{4EEF2B4F-7BAD-414E-8895-76E327908360}.Release|Mixed Platforms.Build.0 = Release|Win32
		{4EEF2B4F-7BAD-414E-8895-76E327908360}.Release|Win32.ActiveCfg = Release|Win32
		{4EEF2B4F-7BAD-414E-8895-76E327908360}.Release|Win32.Build.0 = Release|Win32
		{3A080DED-1927-4109-90FE-475CE3A82D64}.Debug|Any CPU.ActiveCfg = Debug|Win32
		{3A080DED-1927-4109-90FE-475CE3A82D64}.Debug|Mixed Platforms.ActiveCfg = Debug|Win32
		{3A080DED-1927-4109-90FE-475CE3A82D64}.Debug|Mixed Platforms.Build.0 = Debug|Win32
		{3A080DED-1927-4109-90FE-475CE3A82D64}.Debug|Win32.ActiveCfg = Debug|Win32
		{3A080DED-1927-4109-90FE-475CE3A82D64}.Debug|Win32.Build.0 = Debug|Win32
		{3A080DED-1927-4109-90FE-475CE3A82D64}.Release|Any CPU.ActiveCfg = Release|Win32
		{3A080DED-1927-4109-90FE-475CE3A82D64}.Release|Mixed Platforms.ActiveCfg = Release|Win32
		{3A080DED-1927-4109-90FE-475CE3A82D64}.Release|Mixed Platforms.Build.0 = Release|Win32
		{3A080DED-1927-4109-90FE-475CE3A82D64}.Release|Win32.ActiveCfg = Release|Win32
		{3A080DED-1927-4109-90FE-475CE3A82D64}.Release|Win32.Build.0 = Release|Win32
		{2F19D4FC-9D22-4EAF-B6F1-98D2FFC3EB20}.Debug|Any CPU.ActiveCfg = Debug|Win32
		{2F19D4FC-9D22-4EAF-B6F1-98D2FFC3EB20}.Debug|Mixed Platforms.ActiveCfg = Debug|Win32
		{2F19D4FC-9D22-4EAF-B6F1-98D2FFC3EB20}.Debug|Mixed Platforms.Build.0 = Debug|Win32
		{2F19D4FC-9D22-4EAF-B6F1-98D2FFC3EB20}.Debug|Win32.ActiveCfg = Debug|Win32
		{2F19D4FC-9D22-4EAF-B6F1-98D2FFC3EB20}.Debug|Win32.Build.0 = Debug|Win32
		{2F19D4FC-9D22-4EAF-B6F1-98D2FFC3EB20}.Release|Any CPU.ActiveCfg = Release|Win32
		{2F19D4FC-9D22-4EAF-B6F1-98D2FFC3EB20}.Release|Mixed Platforms.ActiveCfg = Release|Win32
		{2F19D4FC-9D22-4EAF-B6F1-98D2FFC3EB20}.Release|Mixed Platforms.Build.0 = Release|Win32
		{2F19D4FC-9D22-4EAF-B6F1-98D2FFC3EB20}.Release|Win32.ActiveCfg = Release|Win32
		{2F19D4FC-9D22-4EAF-B6F1-98D2FFC3EB20}.Release|Win32.Build.0 = Release|Win32
		{0996AB3B-0D4A-4321-A23C-939548A56FD3}.Debug|Any CPU.ActiveCfg = Debug|Win32
		{0996AB3B-0D4A-4321-A23C-939548A56FD3}.Debug|Mixed Platforms.ActiveCfg = Debug|Win32
		{0996AB3B-0D4A-4321-A23C-939548A56FD3}.Debug|Mixed Platforms.Build.0 = Debug|Win32
		{0996AB3B-0D4A-4321-A23C-939548A56FD3}.Debug|Win32.ActiveCfg = Debug|Win32
		{0996AB3B-0D4A-4321-A23C-939548A56FD3}.Debug|Win32.Build.0 = Debug|Win32
		{0996AB3B-0D4A-4321-A23C-939548A56FD3}.Release|Any CPU.ActiveCfg = Release|Win32
		{0996AB3B-0D4A-4321-A23C-939548A56FD3}.Release|Mixed Platforms.ActiveCfg = Release|Win32
		{0996AB3B-0D4A-4321-A23C-939548A56FD3}.Release|Mixed Platforms.Build.0 = Release|Win32
		{0996AB3B-0D4A-4321-A23C-939548A56FD3}.Release|Win32.ActiveCfg = Release|Win32
		{0996AB3B-0D4A-4321-A23C-939548A56FD3}.Release|Win32.Build.0 = Release|Win32
		{04983E76-45C2-4812-B9D7-20D70A474A05}.Debug|Any CPU.ActiveCfg = Debug|Win32
		{04983E76-45C2-4812-B9D7-20D70A474A05}.Debug|Mixed Platforms.ActiveCfg = Debug|Win32
		{04983E76-45C2-4812-B9D7-20D70A474A05}.Debug|Mixed Platforms.Build.0 = Debug|Win32
		{04983E76-45C2-4812-B9D7-20D70A474A05}.Debug|Win32.ActiveCfg = Debug|Win32
		{04983E76-45C2-4812-B9D7-20D70A474A05}.Debug|Win32.Build.0 = Debug|Win32
		{04983E76-45C2-4812-B9D7-20D70A474A05}.Release|Any CPU.ActiveCfg = Release|Win32
		{04983E76-45C2-4812-B9D7-20D70A474A05}.Release|Mixed Platforms.ActiveCfg = Release|Win32
		{04983E76-45C2-4812-B9D7-20D70A474A05}.Release|Mixed Platforms.Build.0 = Release|Win32
		{04983E76-45C2-4812-B9D7-20D70A474A05}.Release|Win32.ActiveCfg = Release|Win32
		{04983E76-45C2-4812-B9D7-20D70A474A05}.Release|Win32.Build.0 = Release|Win32
	EndGlobalSection
	GlobalSection(SolutionProperties) = preSolution
		HideSolutionNode = FALSE
	EndGlobalSection
EndGlobal
